
Microsoft Visual Studio Solution File, Format Version 12.00
# Visual Studio 2017
Project("{FAE04EC0-301F-11D3-BF4B-00C04F79EFBC}") = "KarGoth3D", "KarGoth3D.csproj", "{504B7B82-C2B4-EF57-DBCB-07332239B080}"
EndProject
Project("{FAE04EC0-301F-11D3-BF4B-00C04F79EFBC}") = "KarGoth3D.Plugins", "KarGoth3D.Plugins.csproj", "{5CF6B930-D837-F10B-B0ED-7C0FCFEA93FF}"
EndProject
Project("{FAE04EC0-301F-11D3-BF4B-00C04F79EFBC}") = "KarGoth3D.Editor", "KarGoth3D.Editor.csproj", "{3E2F2BB2-7788-EE79-585E-3CF6F5F712B3}"
EndProject
Project("{FAE04EC0-301F-11D3-BF4B-00C04F79EFBC}") = "KarGoth3D.Editor.Plugins", "KarGoth3D.Editor.Plugins.csproj", "{71672EFC-3BF7-451D-242B-7F1335BA8B90}"
EndProject
Global
	GlobalSection(SolutionConfigurationPlatforms) = preSolution
		Debug|Any CPU = Debug|Any CPU
		Release|Any CPU = Release|Any CPU
	EndGlobalSection
	GlobalSection(ProjectConfigurationPlatforms) = postSolution
		{504B7B82-C2B4-EF57-DBCB-07332239B080}.Debug|Any CPU.ActiveCfg = Debug|Any CPU
		{504B7B82-C2B4-EF57-DBCB-07332239B080}.Debug|Any CPU.Build.0 = Debug|Any CPU
		{504B7B82-C2B4-EF57-DBCB-07332239B080}.Release|Any CPU.ActiveCfg = Release|Any CPU
		{504B7B82-C2B4-EF57-DBCB-07332239B080}.Release|Any CPU.Build.0 = Release|Any CPU
		{5CF6B930-D837-F10B-B0ED-7C0FCFEA93FF}.Debug|Any CPU.ActiveCfg = Debug|Any CPU
		{5CF6B930-D837-F10B-B0ED-7C0FCFEA93FF}.Debug|Any CPU.Build.0 = Debug|Any CPU
		{5CF6B930-D837-F10B-B0ED-7C0FCFEA93FF}.Release|Any CPU.ActiveCfg = Release|Any CPU
		{5CF6B930-D837-F10B-B0ED-7C0FCFEA93FF}.Release|Any CPU.Build.0 = Release|Any CPU
		{3E2F2BB2-7788-EE79-585E-3CF6F5F712B3}.Debug|Any CPU.ActiveCfg = Debug|Any CPU
		{3E2F2BB2-7788-EE79-585E-3CF6F5F712B3}.Debug|Any CPU.Build.0 = Debug|Any CPU
		{3E2F2BB2-7788-EE79-585E-3CF6F5F712B3}.Release|Any CPU.ActiveCfg = Release|Any CPU
		{3E2F2BB2-7788-EE79-585E-3CF6F5F712B3}.Release|Any CPU.Build.0 = Release|Any CPU
		{71672EFC-3BF7-451D-242B-7F1335BA8B90}.Debug|Any CPU.ActiveCfg = Debug|Any CPU
		{71672EFC-3BF7-451D-242B-7F1335BA8B90}.Debug|Any CPU.Build.0 = Debug|Any CPU
		{71672EFC-3BF7-451D-242B-7F1335BA8B90}.Release|Any CPU.ActiveCfg = Release|Any CPU
		{71672EFC-3BF7-451D-242B-7F1335BA8B90}.Release|Any CPU.Build.0 = Release|Any CPU
	EndGlobalSection
	GlobalSection(SolutionProperties) = preSolution
		HideSolutionNode = FALSE
	EndGlobalSection
EndGlobal
