
Microsoft Visual Studio Solution File, Format Version 12.00
# Visual Studio 2015
Project("{FAE04EC0-301F-11D3-BF4B-00C04F79EFBC}") = "MarkoHouse", "MarkoHouse.csproj", "{B9BF4264-4558-7EE6-602C-7C68FCD29044}"
EndProject
Project("{FAE04EC0-301F-11D3-BF4B-00C04F79EFBC}") = "MarkoHouse.Plugins", "MarkoHouse.Plugins.csproj", "{A3E86CCC-A8F7-43B0-9D93-34196DE298B2}"
EndProject
Project("{FAE04EC0-301F-11D3-BF4B-00C04F79EFBC}") = "MarkoHouse.Editor", "MarkoHouse.Editor.csproj", "{6686FE1D-66B1-E2B6-A797-58BDA1F197AF}"
EndProject
Project("{FAE04EC0-301F-11D3-BF4B-00C04F79EFBC}") = "MarkoHouse.Editor.Plugins", "MarkoHouse.Editor.Plugins.csproj", "{AFDDB336-9E78-C596-77F7-27D06E8D19AD}"
EndProject
Global
	GlobalSection(SolutionConfigurationPlatforms) = preSolution
		Debug|Any CPU = Debug|Any CPU
		Release|Any CPU = Release|Any CPU
	EndGlobalSection
	GlobalSection(ProjectConfigurationPlatforms) = postSolution
		{B9BF4264-4558-7EE6-602C-7C68FCD29044}.Debug|Any CPU.ActiveCfg = Debug|Any CPU
		{B9BF4264-4558-7EE6-602C-7C68FCD29044}.Debug|Any CPU.Build.0 = Debug|Any CPU
		{B9BF4264-4558-7EE6-602C-7C68FCD29044}.Release|Any CPU.ActiveCfg = Release|Any CPU
		{B9BF4264-4558-7EE6-602C-7C68FCD29044}.Release|Any CPU.Build.0 = Release|Any CPU
		{A3E86CCC-A8F7-43B0-9D93-34196DE298B2}.Debug|Any CPU.ActiveCfg = Debug|Any CPU
		{A3E86CCC-A8F7-43B0-9D93-34196DE298B2}.Debug|Any CPU.Build.0 = Debug|Any CPU
		{A3E86CCC-A8F7-43B0-9D93-34196DE298B2}.Release|Any CPU.ActiveCfg = Release|Any CPU
		{A3E86CCC-A8F7-43B0-9D93-34196DE298B2}.Release|Any CPU.Build.0 = Release|Any CPU
		{6686FE1D-66B1-E2B6-A797-58BDA1F197AF}.Debug|Any CPU.ActiveCfg = Debug|Any CPU
		{6686FE1D-66B1-E2B6-A797-58BDA1F197AF}.Debug|Any CPU.Build.0 = Debug|Any CPU
		{6686FE1D-66B1-E2B6-A797-58BDA1F197AF}.Release|Any CPU.ActiveCfg = Release|Any CPU
		{6686FE1D-66B1-E2B6-A797-58BDA1F197AF}.Release|Any CPU.Build.0 = Release|Any CPU
		{AFDDB336-9E78-C596-77F7-27D06E8D19AD}.Debug|Any CPU.ActiveCfg = Debug|Any CPU
		{AFDDB336-9E78-C596-77F7-27D06E8D19AD}.Debug|Any CPU.Build.0 = Debug|Any CPU
		{AFDDB336-9E78-C596-77F7-27D06E8D19AD}.Release|Any CPU.ActiveCfg = Release|Any CPU
		{AFDDB336-9E78-C596-77F7-27D06E8D19AD}.Release|Any CPU.Build.0 = Release|Any CPU
	EndGlobalSection
	GlobalSection(SolutionProperties) = preSolution
		HideSolutionNode = FALSE
	EndGlobalSection
EndGlobal
